
Microsoft Visual Studio Solution File, Format Version 12.00
# Visual Studio 14
VisualStudioVersion = 14.0.25420.1
MinimumVisualStudioVersion = 10.0.40219.1
Project("{2150E333-8FDC-42A3-9474-1A3956D46DE8}") = "Admin", "Admin", "{EC45D0EF-9EC6-410B-BBEB-C0BF5FE42224}"
EndProject
Project("{2150E333-8FDC-42A3-9474-1A3956D46DE8}") = "MyPageLive", "MyPageLive", "{69B08305-FDEA-45EF-8561-45C6D2B59E82}"
EndProject
Project("{2150E333-8FDC-42A3-9474-1A3956D46DE8}") = "MyPageDemo", "MyPageDemo", "{9684C3BA-FEF3-459B-A7FB-93974F44ABAC}"
EndProject
Project("{2150E333-8FDC-42A3-9474-1A3956D46DE8}") = "Repository", "Repository", "{7E546D87-E2D5-4963-B600-D828531A3621}"
EndProject
Project("{2150E333-8FDC-42A3-9474-1A3956D46DE8}") = "BusinessLayer", "BusinessLayer", "{D0C869F0-EE11-459D-ACEC-A81CF1D74208}"
EndProject
Project("{2150E333-8FDC-42A3-9474-1A3956D46DE8}") = "Presentation", "Presentation", "{BF064FBA-8B00-40DA-9B79-3A3E41F3D5A5}"
EndProject
Project("{2150E333-8FDC-42A3-9474-1A3956D46DE8}") = "Utility", "Utility", "{EEF5C2BC-DDDE-4B68-BA54-F5B262C56FEE}"
EndProject
Project("{2150E333-8FDC-42A3-9474-1A3956D46DE8}") = "Vendor", "Vendor", "{994B319D-1B7B-428A-A5C7-12A9DECC40BA}"
EndProject
Project("{FAE04EC0-301F-11D3-BF4B-00C04F79EFBC}") = "FXTF.Lib.AdminRepository", "Admin\Repository\FXTF.Lib.AdminRepository\FXTF.Lib.AdminRepository.csproj", "{2549DC09-DB25-448C-A160-E05664036C34}"
EndProject
Project("{FAE04EC0-301F-11D3-BF4B-00C04F79EFBC}") = "FXTF.Lib.AdminViewModel", "Admin\Repository\FXTF.Lib.AdminViewModel\FXTF.Lib.AdminViewModel.csproj", "{C9C2DD32-685D-4191-A5E9-4177B5011EE0}"
EndProject
Project("{FAE04EC0-301F-11D3-BF4B-00C04F79EFBC}") = "FXTF.Common.Infrastructure", "Admin\Utility\FXTF.Common.Infrastructure\FXTF.Common.Infrastructure.csproj", "{50CD39B0-323A-4C2B-8ED5-3C92D08A8535}"
EndProject
Project("{FAE04EC0-301F-11D3-BF4B-00C04F79EFBC}") = "FXTF.Report.Real.CommonReportOperation", "Admin\Utility\FXTF.Report.Real.CommonReportOperation\FXTF.Report.Real.CommonReportOperation.csproj", "{E584F2C0-BBE8-43A3-8231-06CF33084A44}"
EndProject
Project("{FAE04EC0-301F-11D3-BF4B-00C04F79EFBC}") = "FXTF.Resources", "Admin\Utility\FXTF.Resources\FXTF.Resources.csproj", "{C8050C42-6A43-427F-B4FF-5C52CB674CD1}"
EndProject
Project("{FAE04EC0-301F-11D3-BF4B-00C04F79EFBC}") = "FXTF.Lib.MT4WrapperDLL", "Admin\Vendor\FXTF.Lib.MT4WrapperDLL\FXTF.Lib.MT4WrapperDLL.csproj", "{961FB19F-3B5B-41C3-BCCA-3458D50FBA2F}"
EndProject
Project("{FAE04EC0-301F-11D3-BF4B-00C04F79EFBC}") = "FXTF.Real.MT4Operation", "Admin\Vendor\FXTF.Real.MT4Operation\FXTF.Real.MT4Operation.csproj", "{6E06EBB2-3938-4D52-8E6B-8CF6A5BD8D21}"
EndProject
Project("{FAE04EC0-301F-11D3-BF4B-00C04F79EFBC}") = "FXTF.Web.Admin", "FXTF.Web.Admin\FXTF.Web.Admin.csproj", "{FE052A82-8185-4156-9AC7-0C54854BA329}"
EndProject
Project("{FAE04EC0-301F-11D3-BF4B-00C04F79EFBC}") = "FXTF.BusinessLayer.Admin", "Admin\BusinessLayer\FXTF.BusinessLayer.Admin\FXTF.BusinessLayer.Admin.csproj", "{CFF2039A-EBF4-4922-82DB-4D46697DAACF}"
EndProject
Project("{FAE04EC0-301F-11D3-BF4B-00C04F79EFBC}") = "FXTF.Lib.AdminModel", "Admin\Repository\FXTF.Lib.AdminModel\FXTF.Lib.AdminModel.csproj", "{09369DE6-6780-445F-B01C-2E1A7E8484DA}"
EndProject
Global
	GlobalSection(SolutionConfigurationPlatforms) = preSolution
		Debug|Any CPU = Debug|Any CPU
		Release|Any CPU = Release|Any CPU
	EndGlobalSection
	GlobalSection(ProjectConfigurationPlatforms) = postSolution
		{2549DC09-DB25-448C-A160-E05664036C34}.Debug|Any CPU.ActiveCfg = Debug|Any CPU
		{2549DC09-DB25-448C-A160-E05664036C34}.Debug|Any CPU.Build.0 = Debug|Any CPU
		{2549DC09-DB25-448C-A160-E05664036C34}.Release|Any CPU.ActiveCfg = Release|Any CPU
		{2549DC09-DB25-448C-A160-E05664036C34}.Release|Any CPU.Build.0 = Release|Any CPU
		{C9C2DD32-685D-4191-A5E9-4177B5011EE0}.Debug|Any CPU.ActiveCfg = Debug|Any CPU
		{C9C2DD32-685D-4191-A5E9-4177B5011EE0}.Debug|Any CPU.Build.0 = Debug|Any CPU
		{C9C2DD32-685D-4191-A5E9-4177B5011EE0}.Release|Any CPU.ActiveCfg = Release|Any CPU
		{C9C2DD32-685D-4191-A5E9-4177B5011EE0}.Release|Any CPU.Build.0 = Release|Any CPU
		{50CD39B0-323A-4C2B-8ED5-3C92D08A8535}.Debug|Any CPU.ActiveCfg = Debug|Any CPU
		{50CD39B0-323A-4C2B-8ED5-3C92D08A8535}.Debug|Any CPU.Build.0 = Debug|Any CPU
		{50CD39B0-323A-4C2B-8ED5-3C92D08A8535}.Release|Any CPU.ActiveCfg = Release|Any CPU
		{50CD39B0-323A-4C2B-8ED5-3C92D08A8535}.Release|Any CPU.Build.0 = Release|Any CPU
		{E584F2C0-BBE8-43A3-8231-06CF33084A44}.Debug|Any CPU.ActiveCfg = Debug|Any CPU
		{E584F2C0-BBE8-43A3-8231-06CF33084A44}.Debug|Any CPU.Build.0 = Debug|Any CPU
		{E584F2C0-BBE8-43A3-8231-06CF33084A44}.Release|Any CPU.ActiveCfg = Release|Any CPU
		{E584F2C0-BBE8-43A3-8231-06CF33084A44}.Release|Any CPU.Build.0 = Release|Any CPU
		{C8050C42-6A43-427F-B4FF-5C52CB674CD1}.Debug|Any CPU.ActiveCfg = Debug|Any CPU
		{C8050C42-6A43-427F-B4FF-5C52CB674CD1}.Debug|Any CPU.Build.0 = Debug|Any CPU
		{C8050C42-6A43-427F-B4FF-5C52CB674CD1}.Release|Any CPU.ActiveCfg = Release|Any CPU
		{C8050C42-6A43-427F-B4FF-5C52CB674CD1}.Release|Any CPU.Build.0 = Release|Any CPU
		{961FB19F-3B5B-41C3-BCCA-3458D50FBA2F}.Debug|Any CPU.ActiveCfg = Debug|Any CPU
		{961FB19F-3B5B-41C3-BCCA-3458D50FBA2F}.Debug|Any CPU.Build.0 = Debug|Any CPU
		{961FB19F-3B5B-41C3-BCCA-3458D50FBA2F}.Release|Any CPU.ActiveCfg = Release|Any CPU
		{961FB19F-3B5B-41C3-BCCA-3458D50FBA2F}.Release|Any CPU.Build.0 = Release|Any CPU
		{6E06EBB2-3938-4D52-8E6B-8CF6A5BD8D21}.Debug|Any CPU.ActiveCfg = Debug|Any CPU
		{6E06EBB2-3938-4D52-8E6B-8CF6A5BD8D21}.Debug|Any CPU.Build.0 = Debug|Any CPU
		{6E06EBB2-3938-4D52-8E6B-8CF6A5BD8D21}.Release|Any CPU.ActiveCfg = Release|Any CPU
		{6E06EBB2-3938-4D52-8E6B-8CF6A5BD8D21}.Release|Any CPU.Build.0 = Release|Any CPU
		{FE052A82-8185-4156-9AC7-0C54854BA329}.Debug|Any CPU.ActiveCfg = Debug|Any CPU
		{FE052A82-8185-4156-9AC7-0C54854BA329}.Debug|Any CPU.Build.0 = Debug|Any CPU
		{FE052A82-8185-4156-9AC7-0C54854BA329}.Release|Any CPU.ActiveCfg = Release|Any CPU
		{FE052A82-8185-4156-9AC7-0C54854BA329}.Release|Any CPU.Build.0 = Release|Any CPU
		{CFF2039A-EBF4-4922-82DB-4D46697DAACF}.Debug|Any CPU.ActiveCfg = Debug|Any CPU
		{CFF2039A-EBF4-4922-82DB-4D46697DAACF}.Debug|Any CPU.Build.0 = Debug|Any CPU
		{CFF2039A-EBF4-4922-82DB-4D46697DAACF}.Release|Any CPU.ActiveCfg = Release|Any CPU
		{CFF2039A-EBF4-4922-82DB-4D46697DAACF}.Release|Any CPU.Build.0 = Release|Any CPU
		{09369DE6-6780-445F-B01C-2E1A7E8484DA}.Debug|Any CPU.ActiveCfg = Debug|Any CPU
		{09369DE6-6780-445F-B01C-2E1A7E8484DA}.Debug|Any CPU.Build.0 = Debug|Any CPU
		{09369DE6-6780-445F-B01C-2E1A7E8484DA}.Release|Any CPU.ActiveCfg = Release|Any CPU
		{09369DE6-6780-445F-B01C-2E1A7E8484DA}.Release|Any CPU.Build.0 = Release|Any CPU
	EndGlobalSection
	GlobalSection(SolutionProperties) = preSolution
		HideSolutionNode = FALSE
	EndGlobalSection
	GlobalSection(NestedProjects) = preSolution
		{7E546D87-E2D5-4963-B600-D828531A3621} = {EC45D0EF-9EC6-410B-BBEB-C0BF5FE42224}
		{D0C869F0-EE11-459D-ACEC-A81CF1D74208} = {EC45D0EF-9EC6-410B-BBEB-C0BF5FE42224}
		{BF064FBA-8B00-40DA-9B79-3A3E41F3D5A5} = {EC45D0EF-9EC6-410B-BBEB-C0BF5FE42224}
		{EEF5C2BC-DDDE-4B68-BA54-F5B262C56FEE} = {EC45D0EF-9EC6-410B-BBEB-C0BF5FE42224}
		{994B319D-1B7B-428A-A5C7-12A9DECC40BA} = {EC45D0EF-9EC6-410B-BBEB-C0BF5FE42224}
		{2549DC09-DB25-448C-A160-E05664036C34} = {7E546D87-E2D5-4963-B600-D828531A3621}
		{C9C2DD32-685D-4191-A5E9-4177B5011EE0} = {7E546D87-E2D5-4963-B600-D828531A3621}
		{50CD39B0-323A-4C2B-8ED5-3C92D08A8535} = {EEF5C2BC-DDDE-4B68-BA54-F5B262C56FEE}
		{E584F2C0-BBE8-43A3-8231-06CF33084A44} = {EEF5C2BC-DDDE-4B68-BA54-F5B262C56FEE}
		{C8050C42-6A43-427F-B4FF-5C52CB674CD1} = {EEF5C2BC-DDDE-4B68-BA54-F5B262C56FEE}
		{961FB19F-3B5B-41C3-BCCA-3458D50FBA2F} = {994B319D-1B7B-428A-A5C7-12A9DECC40BA}
		{6E06EBB2-3938-4D52-8E6B-8CF6A5BD8D21} = {994B319D-1B7B-428A-A5C7-12A9DECC40BA}
		{FE052A82-8185-4156-9AC7-0C54854BA329} = {BF064FBA-8B00-40DA-9B79-3A3E41F3D5A5}
		{CFF2039A-EBF4-4922-82DB-4D46697DAACF} = {D0C869F0-EE11-459D-ACEC-A81CF1D74208}
		{09369DE6-6780-445F-B01C-2E1A7E8484DA} = {7E546D87-E2D5-4963-B600-D828531A3621}
	EndGlobalSection
EndGlobal
